
Microsoft Visual Studio Solution File, Format Version 12.00
# Visual Studio Version 17
VisualStudioVersion = 17.0.31903.59
MinimumVisualStudioVersion = 10.0.40219.1
Project("{FAE04EC0-301F-11D3-BF4B-00C04F79EFBC}") = "wfaTodoList", "wfaTodoList\wfaTodoList.csproj", "{53929C24-4C48-4C30-B3A9-F33A7D99DB6C}"
EndProject
Global
	GlobalSection(SolutionConfigurationPlatforms) = preSolution
		Debug|Any CPU = Debug|Any CPU
		Release|Any CPU = Release|Any CPU
	EndGlobalSection
	GlobalSection(ProjectConfigurationPlatforms) = postSolution
		{53929C24-4C48-4C30-B3A9-F33A7D99DB6C}.Debug|Any CPU.ActiveCfg = Debug|Any CPU
		{53929C24-4C48-4C30-B3A9-F33A7D99DB6C}.Debug|Any CPU.Build.0 = Debug|Any CPU
		{53929C24-4C48-4C30-B3A9-F33A7D99DB6C}.Release|Any CPU.ActiveCfg = Release|Any CPU
		{53929C24-4C48-4C30-B3A9-F33A7D99DB6C}.Release|Any CPU.Build.0 = Release|Any CPU
	EndGlobalSection
	GlobalSection(SolutionProperties) = preSolution
		HideSolutionNode = FALSE
	EndGlobalSection
	GlobalSection(ExtensibilityGlobals) = postSolution
		SolutionGuid = {EBF096C3-457B-4C23-B13D-EA411A1B13F8}
	EndGlobalSection
EndGlobal
